
Microsoft Visual Studio Solution File, Format Version 12.00
# Visual Studio Version 17
VisualStudioVersion = 17.11.35327.3
MinimumVisualStudioVersion = 10.0.40219.1
Project("{FAE04EC0-301F-11D3-BF4B-00C04F79EFBC}") = "SokolovLechebnik", "SokolovLechebnik\SokolovLechebnik.csproj", "{C7BFE806-D496-4A81-8F88-18DE69D8FB73}"
EndProject
Global
	GlobalSection(SolutionConfigurationPlatforms) = preSolution
		Debug|Any CPU = Debug|Any CPU
		Release|Any CPU = Release|Any CPU
	EndGlobalSection
	GlobalSection(ProjectConfigurationPlatforms) = postSolution
		{C7BFE806-D496-4A81-8F88-18DE69D8FB73}.Debug|Any CPU.ActiveCfg = Debug|Any CPU
		{C7BFE806-D496-4A81-8F88-18DE69D8FB73}.Debug|Any CPU.Build.0 = Debug|Any CPU
		{C7BFE806-D496-4A81-8F88-18DE69D8FB73}.Release|Any CPU.ActiveCfg = Release|Any CPU
		{C7BFE806-D496-4A81-8F88-18DE69D8FB73}.Release|Any CPU.Build.0 = Release|Any CPU
	EndGlobalSection
	GlobalSection(SolutionProperties) = preSolution
		HideSolutionNode = FALSE
	EndGlobalSection
	GlobalSection(ExtensibilityGlobals) = postSolution
		SolutionGuid = {266344FC-AFB6-4473-AC6E-7E27ED20035A}
	EndGlobalSection
EndGlobal
